{
  "name": "verifiable-agent-harness",
  "version": "0.0.0-development",
  "lockfileVersion": 3,
  "requires": true,
  "packages": {
    "": {
      "name": "verifiable-agent-harness",
      "version": "0.0.0-development",
      "license": "Apache-2.0",
      "bin": {
        "verifiable-agent-harness": "bin/verifiable-agent-harness.js"
      },
      "engines": {
        "node": ">=24",
        "npm": ">=11.5.1"
      }
    }
  }
}
